
Microsoft Visual Studio Solution File, Format Version 12.00
# Visual Studio Version 16
VisualStudioVersion = 16.0.30320.27
MinimumVisualStudioVersion = 10.0.40219.1
Project("{FAE04EC0-301F-11D3-BF4B-00C04F79EFBC}") = "Adjectivest", "Adjectivest\Adjectivest.csproj", "{C6F63C47-C765-4723-9993-AB198415E2FF}"
EndProject
Project("{FAE04EC0-301F-11D3-BF4B-00C04F79EFBC}") = "AdjectivestTester", "AdjectivestTester\AdjectivestTester.csproj", "{D8855763-188D-49B1-BF22-E997BEAEB0A4}"
EndProject
Global
	GlobalSection(SolutionConfigurationPlatforms) = preSolution
		Debug|Any CPU = Debug|Any CPU
		Release|Any CPU = Release|Any CPU
	EndGlobalSection
	GlobalSection(ProjectConfigurationPlatforms) = postSolution
		{C6F63C47-C765-4723-9993-AB198415E2FF}.Debug|Any CPU.ActiveCfg = Debug|Any CPU
		{C6F63C47-C765-4723-9993-AB198415E2FF}.Debug|Any CPU.Build.0 = Debug|Any CPU
		{C6F63C47-C765-4723-9993-AB198415E2FF}.Release|Any CPU.ActiveCfg = Release|Any CPU
		{C6F63C47-C765-4723-9993-AB198415E2FF}.Release|Any CPU.Build.0 = Release|Any CPU
		{D8855763-188D-49B1-BF22-E997BEAEB0A4}.Debug|Any CPU.ActiveCfg = Debug|Any CPU
		{D8855763-188D-49B1-BF22-E997BEAEB0A4}.Debug|Any CPU.Build.0 = Debug|Any CPU
		{D8855763-188D-49B1-BF22-E997BEAEB0A4}.Release|Any CPU.ActiveCfg = Release|Any CPU
		{D8855763-188D-49B1-BF22-E997BEAEB0A4}.Release|Any CPU.Build.0 = Release|Any CPU
	EndGlobalSection
	GlobalSection(SolutionProperties) = preSolution
		HideSolutionNode = FALSE
	EndGlobalSection
	GlobalSection(ExtensibilityGlobals) = postSolution
		SolutionGuid = {7A216604-EF0A-492C-9BE5-50A3CB7E7F13}
	EndGlobalSection
EndGlobal
